
Microsoft Visual Studio Solution File, Format Version 12.00
# Visual Studio Version 16
VisualStudioVersion = 16.0.34729.46
MinimumVisualStudioVersion = 10.0.40219.1
Project("{FAE04EC0-301F-11D3-BF4B-00C04F79EFBC}") = "MyWallpapersDownloader", "MyWallpapersDownloader.csproj", "{05D6E130-8B0A-4CA2-B791-62BB79342C30}"
EndProject
Global
	GlobalSection(SolutionConfigurationPlatforms) = preSolution
		Debug|Any CPU = Debug|Any CPU
		Release|Any CPU = Release|Any CPU
	EndGlobalSection
	GlobalSection(ProjectConfigurationPlatforms) = postSolution
		{05D6E130-8B0A-4CA2-B791-62BB79342C30}.Debug|Any CPU.ActiveCfg = Debug|Any CPU
		{05D6E130-8B0A-4CA2-B791-62BB79342C30}.Debug|Any CPU.Build.0 = Debug|Any CPU
		{05D6E130-8B0A-4CA2-B791-62BB79342C30}.Release|Any CPU.ActiveCfg = Release|Any CPU
		{05D6E130-8B0A-4CA2-B791-62BB79342C30}.Release|Any CPU.Build.0 = Release|Any CPU
	EndGlobalSection
	GlobalSection(SolutionProperties) = preSolution
		HideSolutionNode = FALSE
	EndGlobalSection
	GlobalSection(ExtensibilityGlobals) = postSolution
		SolutionGuid = {CC8AA2E9-7B36-4D82-9685-CC60E8F0EC7E}
	EndGlobalSection
EndGlobal
